schema: '2.0'
stages:
  load_data:
    cmd: python src/stage_01_load_and_save.py --config=params.yaml
    deps:
    - path: src/stage_01_load_and_save.py
      hash: md5
      md5: e29216eba5884bdef416095620a7fd73
      size: 1209
    - path: src/utils/common_utils.py
      hash: md5
      md5: 273c43109ed39fc5261f84a8a847e89e
      size: 992
    params:
      params.yaml:
        artifacts.raw_local_data: artifacts/raw_local_data_dir/data.csv
        data_source.s3_source: 
          https://archive.ics.uci.edu/ml/machine-learning-databases/wine-quality/winequality-white.csv
    outs:
    - path: artifacts/raw_local_data_dir/data.csv
      hash: md5
      md5: 30c47056daa28237b4b2e956f476d13d
      size: 292287
  split_data:
    cmd: python src/stage_02_split_data.py --config=params.yaml
    deps:
    - path: artifacts/raw_local_data_dir/data.csv
      hash: md5
      md5: 30c47056daa28237b4b2e956f476d13d
      size: 292287
    - path: src/stage_02_split_data.py
      hash: md5
      md5: 65fdd0db631a72da5aa423a15ba344f2
      size: 1488
    - path: src/utils/common_utils.py
      hash: md5
      md5: 273c43109ed39fc5261f84a8a847e89e
      size: 992
    params:
      params.yaml:
        artifacts.raw_local_data: artifacts/raw_local_data_dir/data.csv
        artifacts.split_data.processed_data_dir: artifacts/processed_data
        artifacts.split_data.test_path: artifacts/processed_data/test.csv
        artifacts.split_data.train_path: artifacts/processed_data/train.csv
        base.random_state: 42
        base.test_size: 0.2
    outs:
    - path: artifacts/processed_data/test.csv
      hash: md5
      md5: 1f48baa976fd6b64f1391ae498e163c3
      size: 58606
    - path: artifacts/processed_data/train.csv
      hash: md5
      md5: 7879d71238ea191c0ffe32056d862e61
      size: 233828
