schema: '2.0'
stages:
  load_data:
    cmd: python src/stage_01_load_and_save.py --config=params.yaml
    deps:
    - path: src/stage_01_load_and_save.py
      hash: md5
      md5: e29216eba5884bdef416095620a7fd73
      size: 1209
    - path: src/utils/common_utils.py
      hash: md5
      md5: 123daaaf045fb8143124ce4583750953
      size: 1225
    params:
      params.yaml:
        artifacts.raw_local_data: artifacts/raw_local_data_dir/data.csv
        data_source.s3_source: 
          https://archive.ics.uci.edu/ml/machine-learning-databases/wine-quality/winequality-white.csv
    outs:
    - path: artifacts/raw_local_data_dir/data.csv
      hash: md5
      md5: 30c47056daa28237b4b2e956f476d13d
      size: 292287
  split_data:
    cmd: python src/stage_02_split_data.py --config=params.yaml
    deps:
    - path: artifacts/raw_local_data_dir/data.csv
      hash: md5
      md5: 30c47056daa28237b4b2e956f476d13d
      size: 292287
    - path: src/stage_02_split_data.py
      hash: md5
      md5: 65fdd0db631a72da5aa423a15ba344f2
      size: 1488
    - path: src/utils/common_utils.py
      hash: md5
      md5: 123daaaf045fb8143124ce4583750953
      size: 1225
    params:
      params.yaml:
        artifacts.raw_local_data: artifacts/raw_local_data_dir/data.csv
        artifacts.split_data.processed_data_dir: artifacts/processed_data
        artifacts.split_data.test_path: artifacts/processed_data/test.csv
        artifacts.split_data.train_path: artifacts/processed_data/train.csv
        base.random_state: 42
        base.test_size: 0.2
    outs:
    - path: artifacts/processed_data/test.csv
      hash: md5
      md5: 1f48baa976fd6b64f1391ae498e163c3
      size: 58606
    - path: artifacts/processed_data/train.csv
      hash: md5
      md5: 7879d71238ea191c0ffe32056d862e61
      size: 233828
  train:
    cmd: python src/stage_03_train.py --config=params.yaml
    deps:
    - path: artifacts/processed_data/train.csv
      hash: md5
      md5: 7879d71238ea191c0ffe32056d862e61
      size: 233828
    - path: src/stage_03_train.py
      hash: md5
      md5: 3c0cf2570b6de73f9587b7ddda7a4f92
      size: 1956
    - path: src/utils/common_utils.py
      hash: md5
      md5: 123daaaf045fb8143124ce4583750953
      size: 1225
    params:
      params.yaml:
        artifacts.split_data.train_path: artifacts/processed_data/train.csv
        base.random_state: 42
        base.target_col: quality
        estimators.ElasticNet.params.alpha: 0.7
        estimators.ElasticNet.params.l1_ratio: 0.4
    outs:
    - path: artifacts/report/params.json
      hash: md5
      md5: 326e2e1575c8821920f61b05a3ec5f3e
      size: 44
    - path: artifacts/saved_models/model.joblib
      hash: md5
      md5: 31147ba9f064fd94c841788400d51911
      size: 1231
  evaluation:
    cmd: python src/stage_04_evaluate.py --config=params.yaml
    deps:
    - path: artifacts/processed_data/test.csv
      hash: md5
      md5: 1f48baa976fd6b64f1391ae498e163c3
      size: 58606
    - path: artifacts/saved_models/model.joblib
      hash: md5
      md5: 31147ba9f064fd94c841788400d51911
      size: 1231
    - path: src/stage_04_evaluate.py
      hash: md5
      md5: 877d2db7f781ec5aac38db5de8c88196
      size: 1800
    - path: src/utils/common_utils.py
      hash: md5
      md5: 123daaaf045fb8143124ce4583750953
      size: 1225
    params:
      params.yaml:
        artifacts.split_data.test_path: artifacts/processed_data/test.csv
        base.target_col: quality
    outs:
    - path: artifacts/report/scores.json
      hash: md5
      md5: 74bfc09c42596daa74dfdc3d4997856f
      size: 99
